
Microsoft Visual Studio Solution File, Format Version 12.00
# Visual Studio 2012
Project("{8BC9CEB8-8B4A-11D0-8D11-00A0C91BC942}") = "ImageDecoderC++", "ImageDecoderC++\ImageDecoderC++.vcxproj", "{52EF674E-0A1B-43A7-933C-87345CC62295}"
EndProject
Project("{8BC9CEB8-8B4A-11D0-8D11-00A0C91BC942}") = "Recognizer", "Recognizer\Recognizer.vcxproj", "{27ECA3D6-6392-4AEC-895B-414B4CAA3A56}"
EndProject
Global
	GlobalSection(SolutionConfigurationPlatforms) = preSolution
		Debug|Win32 = Debug|Win32
		Release|Win32 = Release|Win32
	EndGlobalSection
	GlobalSection(ProjectConfigurationPlatforms) = postSolution
		{52EF674E-0A1B-43A7-933C-87345CC62295}.Debug|Win32.ActiveCfg = Debug|Win32
		{52EF674E-0A1B-43A7-933C-87345CC62295}.Debug|Win32.Build.0 = Debug|Win32
		{52EF674E-0A1B-43A7-933C-87345CC62295}.Release|Win32.ActiveCfg = Release|Win32
		{52EF674E-0A1B-43A7-933C-87345CC62295}.Release|Win32.Build.0 = Release|Win32
		{27ECA3D6-6392-4AEC-895B-414B4CAA3A56}.Debug|Win32.ActiveCfg = Debug|Win32
		{27ECA3D6-6392-4AEC-895B-414B4CAA3A56}.Debug|Win32.Build.0 = Debug|Win32
		{27ECA3D6-6392-4AEC-895B-414B4CAA3A56}.Release|Win32.ActiveCfg = Release|Win32
		{27ECA3D6-6392-4AEC-895B-414B4CAA3A56}.Release|Win32.Build.0 = Release|Win32
	EndGlobalSection
	GlobalSection(SolutionProperties) = preSolution
		HideSolutionNode = FALSE
	EndGlobalSection
EndGlobal
